
Microsoft Visual Studio Solution File, Format Version 12.00
# Visual Studio Version 16
VisualStudioVersion = 16.0.29709.97
MinimumVisualStudioVersion = 10.0.40219.1
Project("{FAE04EC0-301F-11D3-BF4B-00C04F79EFBC}") = "Vizard", "Vizard\Vizard.csproj", "{1B080E56-9517-467E-A346-A91743A21486}"
EndProject
Global
	GlobalSection(SolutionConfigurationPlatforms) = preSolution
		Debug|Any CPU = Debug|Any CPU
		Release|Any CPU = Release|Any CPU
	EndGlobalSection
	GlobalSection(ProjectConfigurationPlatforms) = postSolution
		{1B080E56-9517-467E-A346-A91743A21486}.Debug|Any CPU.ActiveCfg = Debug|Any CPU
		{1B080E56-9517-467E-A346-A91743A21486}.Debug|Any CPU.Build.0 = Debug|Any CPU
		{1B080E56-9517-467E-A346-A91743A21486}.Release|Any CPU.ActiveCfg = Release|Any CPU
		{1B080E56-9517-467E-A346-A91743A21486}.Release|Any CPU.Build.0 = Release|Any CPU
	EndGlobalSection
	GlobalSection(SolutionProperties) = preSolution
		HideSolutionNode = FALSE
	EndGlobalSection
	GlobalSection(ExtensibilityGlobals) = postSolution
		SolutionGuid = {3C831ABD-FE4B-4906-95B8-CF8240DCDBC0}
	EndGlobalSection
EndGlobal
